
Microsoft Visual Studio Solution File, Format Version 12.00
# Visual Studio Version 16
VisualStudioVersion = 16.0.30114.105
MinimumVisualStudioVersion = 10.0.40219.1
Project("{FAE04EC0-301F-11D3-BF4B-00C04F79EFBC}") = "HomeSpace.Infrastructure", "HomeSpace.Infrastructure\HomeSpace.Infrastructure.csproj", "{3E28F017-111E-4EFD-93E5-9EF1B5AC949F}"
EndProject
Project("{FAE04EC0-301F-11D3-BF4B-00C04F79EFBC}") = "HomeSpace.Api", "HomeSpace.Api\HomeSpace.Api.csproj", "{E09FCF1F-6A62-48C9-918F-1B11F748BBC2}"
EndProject
Project("{FAE04EC0-301F-11D3-BF4B-00C04F79EFBC}") = "HomeSpace.Files", "HomeSpace.Files\HomeSpace.Files.csproj", "{A7E988A7-B270-473C-A6B8-9E06CA4E8762}"
EndProject
Project("{FAE04EC0-301F-11D3-BF4B-00C04F79EFBC}") = "HomeSpace.Security", "HomeSpace.Security\HomeSpace.Security.csproj", "{4419E7B8-064E-4849-88D2-93571AE80F28}"
EndProject
Project("{FAE04EC0-301F-11D3-BF4B-00C04F79EFBC}") = "HomeSpace.Database", "HomeSpace.Database\HomeSpace.Database.csproj", "{2A832000-C35B-4DA4-8272-000DCFEAA27F}"
EndProject
Global
	GlobalSection(SolutionConfigurationPlatforms) = preSolution
		Debug|Any CPU = Debug|Any CPU
		Release|Any CPU = Release|Any CPU
	EndGlobalSection
	GlobalSection(SolutionProperties) = preSolution
		HideSolutionNode = FALSE
	EndGlobalSection
	GlobalSection(ProjectConfigurationPlatforms) = postSolution
		{3E28F017-111E-4EFD-93E5-9EF1B5AC949F}.Debug|Any CPU.ActiveCfg = Debug|Any CPU
		{3E28F017-111E-4EFD-93E5-9EF1B5AC949F}.Debug|Any CPU.Build.0 = Debug|Any CPU
		{3E28F017-111E-4EFD-93E5-9EF1B5AC949F}.Release|Any CPU.ActiveCfg = Release|Any CPU
		{3E28F017-111E-4EFD-93E5-9EF1B5AC949F}.Release|Any CPU.Build.0 = Release|Any CPU
		{E09FCF1F-6A62-48C9-918F-1B11F748BBC2}.Debug|Any CPU.ActiveCfg = Debug|Any CPU
		{E09FCF1F-6A62-48C9-918F-1B11F748BBC2}.Debug|Any CPU.Build.0 = Debug|Any CPU
		{E09FCF1F-6A62-48C9-918F-1B11F748BBC2}.Release|Any CPU.ActiveCfg = Release|Any CPU
		{E09FCF1F-6A62-48C9-918F-1B11F748BBC2}.Release|Any CPU.Build.0 = Release|Any CPU
		{A7E988A7-B270-473C-A6B8-9E06CA4E8762}.Debug|Any CPU.ActiveCfg = Debug|Any CPU
		{A7E988A7-B270-473C-A6B8-9E06CA4E8762}.Debug|Any CPU.Build.0 = Debug|Any CPU
		{A7E988A7-B270-473C-A6B8-9E06CA4E8762}.Release|Any CPU.ActiveCfg = Release|Any CPU
		{A7E988A7-B270-473C-A6B8-9E06CA4E8762}.Release|Any CPU.Build.0 = Release|Any CPU
		{4419E7B8-064E-4849-88D2-93571AE80F28}.Debug|Any CPU.ActiveCfg = Debug|Any CPU
		{4419E7B8-064E-4849-88D2-93571AE80F28}.Debug|Any CPU.Build.0 = Debug|Any CPU
		{4419E7B8-064E-4849-88D2-93571AE80F28}.Release|Any CPU.ActiveCfg = Release|Any CPU
		{4419E7B8-064E-4849-88D2-93571AE80F28}.Release|Any CPU.Build.0 = Release|Any CPU
		{2A832000-C35B-4DA4-8272-000DCFEAA27F}.Debug|Any CPU.ActiveCfg = Debug|Any CPU
		{2A832000-C35B-4DA4-8272-000DCFEAA27F}.Debug|Any CPU.Build.0 = Debug|Any CPU
		{2A832000-C35B-4DA4-8272-000DCFEAA27F}.Release|Any CPU.ActiveCfg = Release|Any CPU
		{2A832000-C35B-4DA4-8272-000DCFEAA27F}.Release|Any CPU.Build.0 = Release|Any CPU
	EndGlobalSection
EndGlobal
